// !$*UTF8*$!
{
	archiveVersion = 1;
	classes = {
	};
	objectVersion = 46;
	objects = {

/* Begin PBXBuildFile section */
		063C9CF71DD769FE00F96F43 /* audio.mp3 in Resources */ = {isa = PBXBuildFile; fileRef = 063C9CF41DD769FE00F96F43 /* audio.mp3 */; };
		063C9CF81DD769FE00F96F43 /* pdf.pdf in Resources */ = {isa = PBXBuildFile; fileRef = 063C9CF51DD769FE00F96F43 /* pdf.pdf */; };
		063C9CF91DD769FE00F96F43 /* video.mp4 in Resources */ = {isa = PBXBuildFile; fileRef = 063C9CF61DD769FE00F96F43 /* video.mp4 */; };
		064D33741DE71FF700F4EFD4 /* image.jpg in Resources */ = {isa = PBXBuildFile; fileRef = 064D33731DE71FF700F4EFD4 /* image.jpg */; };
		06A208861D85B9C200E51C13 /* AppDelegate.swift in Sources */ = {isa = PBXBuildFile; fileRef = 06A208851D85B9C200E51C13 /* AppDelegate.swift */; };
		06A208881D85B9C200E51C13 /* ViewController.swift in Sources */ = {isa = PBXBuildFile; fileRef = 06A208871D85B9C200E51C13 /* ViewController.swift */; };
		06A2088B1D85B9C200E51C13 /* Main.storyboard in Resources */ = {isa = PBXBuildFile; fileRef = 06A208891D85B9C200E51C13 /* Main.storyboard */; };
		06A2088D1D85B9C200E51C13 /* Assets.xcassets in Resources */ = {isa = PBXBuildFile; fileRef = 06A2088C1D85B9C200E51C13 /* Assets.xcassets */; };
		06A208901D85B9C200E51C13 /* LaunchScreen.storyboard in Resources */ = {isa = PBXBuildFile; fileRef = 06A2088E1D85B9C200E51C13 /* LaunchScreen.storyboard */; };
		27E93217A3A1EFC4DAB01707 /* Pods_FileExplorerExampleApp.framework in Frameworks */ = {isa = PBXBuildFile; fileRef = 9167F1B949DAECFDF0AC559B /* Pods_FileExplorerExampleApp.framework */; };
/* End PBXBuildFile section */

/* Begin PBXFileReference section */
		063C9CF41DD769FE00F96F43 /* audio.mp3 */ = {isa = PBXFileReference; lastKnownFileType = audio.mp3; name = audio.mp3; path = Resources/audio.mp3; sourceTree = "<group>"; };
		063C9CF51DD769FE00F96F43 /* pdf.pdf */ = {isa = PBXFileReference; lastKnownFileType = image.pdf; name = pdf.pdf; path = Resources/pdf.pdf; sourceTree = "<group>"; };
		063C9CF61DD769FE00F96F43 /* video.mp4 */ = {isa = PBXFileReference; lastKnownFileType = file; name = video.mp4; path = Resources/video.mp4; sourceTree = "<group>"; };
		064D33731DE71FF700F4EFD4 /* image.jpg */ = {isa = PBXFileReference; lastKnownFileType = image.jpeg; name = image.jpg; path = Resources/image.jpg; sourceTree = "<group>"; };
		06A208821D85B9C200E51C13 /* FileExplorerExampleApp.app */ = {isa = PBXFileReference; explicitFileType = wrapper.application; includeInIndex = 0; path = FileExplorerExampleApp.app; sourceTree = BUILT_PRODUCTS_DIR; };
		06A208851D85B9C200E51C13 /* AppDelegate.swift */ = {isa = PBXFileReference; lastKnownFileType = sourcecode.swift; path = AppDelegate.swift; sourceTree = "<group>"; };
		06A208871D85B9C200E51C13 /* ViewController.swift */ = {isa = PBXFileReference; lastKnownFileType = sourcecode.swift; path = ViewController.swift; sourceTree = "<group>"; };
		06A2088A1D85B9C200E51C13 /* Base */ = {isa = PBXFileReference; lastKnownFileType = file.storyboard; name = Base; path = Base.lproj/Main.storyboard; sourceTree = "<group>"; };
		06A2088C1D85B9C200E51C13 /* Assets.xcassets */ = {isa = PBXFileReference; lastKnownFileType = folder.assetcatalog; path = Assets.xcassets; sourceTree = "<group>"; };
		06A2088F1D85B9C200E51C13 /* Base */ = {isa = PBXFileReference; lastKnownFileType = file.storyboard; name = Base; path = Base.lproj/LaunchScreen.storyboard; sourceTree = "<group>"; };
		06A208911D85B9C200E51C13 /* Info.plist */ = {isa = PBXFileReference; lastKnownFileType = text.plist.xml; path = Info.plist; sourceTree = "<group>"; };
		77839C1FF7229F28C3A0C502 /* Pods-FileExplorerExampleApp.release.xcconfig */ = {isa = PBXFileReference; includeInIndex = 1; lastKnownFileType = text.xcconfig; name = "Pods-FileExplorerExampleApp.release.xcconfig"; path = "Pods/Target Support Files/Pods-FileExplorerExampleApp/Pods-FileExplorerExampleApp.release.xcconfig"; sourceTree = "<group>"; };
		9167F1B949DAECFDF0AC559B /* Pods_FileExplorerExampleApp.framework */ = {isa = PBXFileReference; explicitFileType = wrapper.framework; includeInIndex = 0; path = Pods_FileExplorerExampleApp.framework; sourceTree = BUILT_PRODUCTS_DIR; };
		96BCB9438D07638552D13F50 /* Pods-FileExplorerExampleApp.debug.xcconfig */ = {isa = PBXFileReference; includeInIndex = 1; lastKnownFileType = text.xcconfig; name = "Pods-FileExplorerExampleApp.debug.xcconfig"; path = "Pods/Target Support Files/Pods-FileExplorerExampleApp/Pods-FileExplorerExampleApp.debug.xcconfig"; sourceTree = "<group>"; };
/* End PBXFileReference section */

/* Begin PBXFrameworksBuildPhase section */
		06A2087F1D85B9C200E51C13 /* Frameworks */ = {
			isa = PBXFrameworksBuildPhase;
			buildActionMask = 2147483647;
			files = (
				27E93217A3A1EFC4DAB01707 /* Pods_FileExplorerExampleApp.framework in Frameworks */,
			);
			runOnlyForDeploymentPostprocessing = 0;
		};
/* End PBXFrameworksBuildPhase section */

/* Begin PBXGroup section */
		063C9CF31DD769C800F96F43 /* Resources */ = {
			isa = PBXGroup;
			children = (
				06A208911D85B9C200E51C13 /* Info.plist */,
				06A2088C1D85B9C200E51C13 /* Assets.xcassets */,
				063C9CF41DD769FE00F96F43 /* audio.mp3 */,
				063C9CF51DD769FE00F96F43 /* pdf.pdf */,
				064D33731DE71FF700F4EFD4 /* image.jpg */,
				063C9CF61DD769FE00F96F43 /* video.mp4 */,
			);
			name = Resources;
			sourceTree = "<group>";
		};
		06A208791D85B9C200E51C13 = {
			isa = PBXGroup;
			children = (
				06A208841D85B9C200E51C13 /* FileExplorerExampleApp */,
				06A208831D85B9C200E51C13 /* Products */,
				7C2816F48558BA4AB1945B62 /* Pods */,
				764AF47AB6A280003037762D /* Frameworks */,
			);
			sourceTree = "<group>";
		};
		06A208831D85B9C200E51C13 /* Products */ = {
			isa = PBXGroup;
			children = (
				06A208821D85B9C200E51C13 /* FileExplorerExampleApp.app */,
			);
			name = Products;
			sourceTree = "<group>";
		};
		06A208841D85B9C200E51C13 /* FileExplorerExampleApp */ = {
			isa = PBXGroup;
			children = (
				063C9CF31DD769C800F96F43 /* Resources */,
				06A208851D85B9C200E51C13 /* AppDelegate.swift */,
				06A208871D85B9C200E51C13 /* ViewController.swift */,
				06A208891D85B9C200E51C13 /* Main.storyboard */,
				06A2088E1D85B9C200E51C13 /* LaunchScreen.storyboard */,
			);
			path = FileExplorerExampleApp;
			sourceTree = "<group>";
		};
		764AF47AB6A280003037762D /* Frameworks */ = {
			isa = PBXGroup;
			children = (
				9167F1B949DAECFDF0AC559B /* Pods_FileExplorerExampleApp.framework */,
			);
			name = Frameworks;
			sourceTree = "<group>";
		};
		7C2816F48558BA4AB1945B62 /* Pods */ = {
			isa = PBXGroup;
			children = (
				96BCB9438D07638552D13F50 /* Pods-FileExplorerExampleApp.debug.xcconfig */,
				77839C1FF7229F28C3A0C502 /* Pods-FileExplorerExampleApp.release.xcconfig */,
			);
			name = Pods;
			sourceTree = "<group>";
		};
/* End PBXGroup section */

/* Begin PBXNativeTarget section */
		06A208811D85B9C200E51C13 /* FileExplorerExampleApp */ = {
			isa = PBXNativeTarget;
			buildConfigurationList = 06A208941D85B9C200E51C13 /* Build configuration list for PBXNativeTarget "FileExplorerExampleApp" */;
			buildPhases = (
				4656DA5624C1B8A3C40DCBD6 /* [CP] Check Pods Manifest.lock */,
				5A520E1584492A6DAA8FF519 /* [CP] Check Pods Manifest.lock */,
				06A2087E1D85B9C200E51C13 /* Sources */,
				06A2087F1D85B9C200E51C13 /* Frameworks */,
				06A208801D85B9C200E51C13 /* Resources */,
				5E2BF49FC6E9CA6A83EE5B43 /* [CP] Embed Pods Frameworks */,
				6655BCBBD66D3041AF14AA34 /* [CP] Copy Pods Resources */,
				85894F727B51FF611B6B1828 /* 📦 Embed Pods Frameworks */,
				41FCB9208497F02D0B8A0C13 /* 📦 Copy Pods Resources */,
			);
			buildRules = (
			);
			dependencies = (
			);
			name = FileExplorerExampleApp;
			productName = FileExplorerExampleApp;
			productReference = 06A208821D85B9C200E51C13 /* FileExplorerExampleApp.app */;
			productType = "com.apple.product-type.application";
		};
/* End PBXNativeTarget section */

/* Begin PBXProject section */
		06A2087A1D85B9C200E51C13 /* Project object */ = {
			isa = PBXProject;
			attributes = {
				LastSwiftUpdateCheck = 0800;
				LastUpgradeCheck = 0800;
				ORGANIZATIONNAME = "Rafał Augustyniak";
				TargetAttributes = {
					06A208811D85B9C200E51C13 = {
						CreatedOnToolsVersion = 8.0;
						ProvisioningStyle = Automatic;
					};
				};
			};
			buildConfigurationList = 06A2087D1D85B9C200E51C13 /* Build configuration list for PBXProject "FileExplorerExampleApp" */;
			compatibilityVersion = "Xcode 3.2";
			developmentRegion = English;
			hasScannedForEncodings = 0;
			knownRegions = (
				en,
				Base,
			);
			mainGroup = 06A208791D85B9C200E51C13;
			productRefGroup = 06A208831D85B9C200E51C13 /* Products */;
			projectDirPath = "";
			projectRoot = "";
			targets = (
				06A208811D85B9C200E51C13 /* FileExplorerExampleApp */,
			);
		};
/* End PBXProject section */

/* Begin PBXResourcesBuildPhase section */
		06A208801D85B9C200E51C13 /* Resources */ = {
			isa = PBXResourcesBuildPhase;
			buildActionMask = 2147483647;
			files = (
				06A208901D85B9C200E51C13 /* LaunchScreen.storyboard in Resources */,
				063C9CF91DD769FE00F96F43 /* video.mp4 in Resources */,
				063C9CF71DD769FE00F96F43 /* audio.mp3 in Resources */,
				063C9CF81DD769FE00F96F43 /* pdf.pdf in Resources */,
				064D33741DE71FF700F4EFD4 /* image.jpg in Resources */,
				06A2088D1D85B9C200E51C13 /* Assets.xcassets in Resources */,
				06A2088B1D85B9C200E51C13 /* Main.storyboard in Resources */,
			);
			runOnlyForDeploymentPostprocessing = 0;
		};
/* End PBXResourcesBuildPhase section */

/* Begin PBXShellScriptBuildPhase section */
		41FCB9208497F02D0B8A0C13 /* 📦 Copy Pods Resources */ = {
			isa = PBXShellScriptBuildPhase;
			buildActionMask = 2147483647;
			files = (
			);
			inputPaths = (
			);
			name = "📦 Copy Pods Resources";
			outputPaths = (
			);
			runOnlyForDeploymentPostprocessing = 0;
			shellPath = /bin/sh;
			shellScript = "\"${SRCROOT}/Pods/Target Support Files/Pods-FileExplorerExampleApp/Pods-FileExplorerExampleApp-resources.sh\"\n";
			showEnvVarsInLog = 0;
		};
		4656DA5624C1B8A3C40DCBD6 /* [CP] Check Pods Manifest.lock */ = {
			isa = PBXShellScriptBuildPhase;
			buildActionMask = 2147483647;
			files = (
			);
			inputPaths = (
			);
			name = "[CP] Check Pods Manifest.lock";
			outputPaths = (
			);
			runOnlyForDeploymentPostprocessing = 0;
			shellPath = /bin/sh;
			shellScript = "diff \"${PODS_ROOT}/../Podfile.lock\" \"${PODS_ROOT}/Manifest.lock\" > /dev/null\nif [ $? != 0 ] ; then\n    # print error to STDERR\n    echo \"error: The sandbox is not in sync with the Podfile.lock. Run 'pod install' or update your CocoaPods installation.\" >&2\n    exit 1\nfi\n";
			showEnvVarsInLog = 0;
		};
		5A520E1584492A6DAA8FF519 /* [CP] Check Pods Manifest.lock */ = {
			isa = PBXShellScriptBuildPhase;
			buildActionMask = 2147483647;
			files = (
			);
			inputPaths = (
			);
			name = "[CP] Check Pods Manifest.lock";
			outputPaths = (
			);
			runOnlyForDeploymentPostprocessing = 0;
			shellPath = /bin/sh;
			shellScript = "diff \"${PODS_ROOT}/../Podfile.lock\" \"${PODS_ROOT}/Manifest.lock\" > /dev/null\nif [[ $? != 0 ]] ; then\n    cat << EOM\nerror: The sandbox is not in sync with the Podfile.lock. Run 'pod install' or update your CocoaPods installation.\nEOM\n    exit 1\nfi\n";
			showEnvVarsInLog = 0;
		};
		5E2BF49FC6E9CA6A83EE5B43 /* [CP] Embed Pods Frameworks */ = {
			isa = PBXShellScriptBuildPhase;
			buildActionMask = 2147483647;
			files = (
			);
			inputPaths = (
			);
			name = "[CP] Embed Pods Frameworks";
			outputPaths = (
			);
			runOnlyForDeploymentPostprocessing = 0;
			shellPath = /bin/sh;
			shellScript = "\"${SRCROOT}/Pods/Target Support Files/Pods-FileExplorerExampleApp/Pods-FileExplorerExampleApp-frameworks.sh\"\n";
			showEnvVarsInLog = 0;
		};
		6655BCBBD66D3041AF14AA34 /* [CP] Copy Pods Resources */ = {
			isa = PBXShellScriptBuildPhase;
			buildActionMask = 2147483647;
			files = (
			);
			inputPaths = (
			);
			name = "[CP] Copy Pods Resources";
			outputPaths = (
			);
			runOnlyForDeploymentPostprocessing = 0;
			shellPath = /bin/sh;
			shellScript = "\"${SRCROOT}/Pods/Target Support Files/Pods-FileExplorerExampleApp/Pods-FileExplorerExampleApp-resources.sh\"\n";
			showEnvVarsInLog = 0;
		};
		85894F727B51FF611B6B1828 /* 📦 Embed Pods Frameworks */ = {
			isa = PBXShellScriptBuildPhase;
			buildActionMask = 2147483647;
			files = (
			);
			inputPaths = (
			);
			name = "📦 Embed Pods Frameworks";
			outputPaths = (
			);
			runOnlyForDeploymentPostprocessing = 0;
			shellPath = /bin/sh;
			shellScript = "\"${SRCROOT}/Pods/Target Support Files/Pods-FileExplorerExampleApp/Pods-FileExplorerExampleApp-frameworks.sh\"\n";
			showEnvVarsInLog = 0;
		};
/* End PBXShellScriptBuildPhase section */

/* Begin PBXSourcesBuildPhase section */
		06A2087E1D85B9C200E51C13 /* Sources */ = {
			isa = PBXSourcesBuildPhase;
			buildActionMask = 2147483647;
			files = (
				06A208881D85B9C200E51C13 /* ViewController.swift in Sources */,
				06A208861D85B9C200E51C13 /* AppDelegate.swift in Sources */,
			);
			runOnlyForDeploymentPostprocessing = 0;
		};
/* End PBXSourcesBuildPhase section */

/* Begin PBXVariantGroup section */
		06A208891D85B9C200E51C13 /* Main.storyboard */ = {
			isa = PBXVariantGroup;
			children = (
				06A2088A1D85B9C200E51C13 /* Base */,
			);
			name = Main.storyboard;
			sourceTree = "<group>";
		};
		06A2088E1D85B9C200E51C13 /* LaunchScreen.storyboard */ = {
			isa = PBXVariantGroup;
			children = (
				06A2088F1D85B9C200E51C13 /* Base */,
			);
			name = LaunchScreen.storyboard;
			sourceTree = "<group>";
		};
/* End PBXVariantGroup section */

/* Begin XCBuildConfiguration section */
		06A208921D85B9C200E51C13 /* Debug */ = {
			isa = XCBuildConfiguration;
			buildSettings = {
				ALWAYS_SEARCH_USER_PATHS = NO;
				CLANG_ANALYZER_NONNULL = YES;
				CLANG_CXX_LANGUAGE_STANDARD = "gnu++0x";
				CLANG_CXX_LIBRARY = "libc++";
				CLANG_ENABLE_MODULES = YES;
				CLANG_ENABLE_OBJC_ARC = YES;
				CLANG_WARN_BOOL_CONVERSION = YES;
				CLANG_WARN_CONSTANT_CONVERSION = YES;
				CLANG_WARN_DIRECT_OBJC_ISA_USAGE = YES_ERROR;
				CLANG_WARN_DOCUMENTATION_COMMENTS = YES;
				CLANG_WARN_EMPTY_BODY = YES;
				CLANG_WARN_ENUM_CONVERSION = YES;
				CLANG_WARN_INFINITE_RECURSION = YES;
				CLANG_WARN_INT_CONVERSION = YES;
				CLANG_WARN_OBJC_ROOT_CLASS = YES_ERROR;
				CLANG_WARN_SUSPICIOUS_MOVES = YES;
				CLANG_WARN_UNREACHABLE_CODE = YES;
				CLANG_WARN__DUPLICATE_METHOD_MATCH = YES;
				"CODE_SIGN_IDENTITY[sdk=iphoneos*]" = "iPhone Developer";
				COPY_PHASE_STRIP = NO;
				DEBUG_INFORMATION_FORMAT = dwarf;
				ENABLE_STRICT_OBJC_MSGSEND = YES;
				ENABLE_TESTABILITY = YES;
				GCC_C_LANGUAGE_STANDARD = gnu99;
				GCC_DYNAMIC_NO_PIC = NO;
				GCC_NO_COMMON_BLOCKS = YES;
				GCC_OPTIMIZATION_LEVEL = 0;
				GCC_PREPROCESSOR_DEFINITIONS = (
					"DEBUG=1",
					"$(inherited)",
				);
				GCC_WARN_64_TO_32_BIT_CONVERSION = YES;
				GCC_WARN_ABOUT_RETURN_TYPE = YES_ERROR;
				GCC_WARN_UNDECLARED_SELECTOR = YES;
				GCC_WARN_UNINITIALIZED_AUTOS = YES_AGGRESSIVE;
				GCC_WARN_UNUSED_FUNCTION = YES;
				GCC_WARN_UNUSED_VARIABLE = YES;
				IPHONEOS_DEPLOYMENT_TARGET = 10.0;
				MTL_ENABLE_DEBUG_INFO = YES;
				ONLY_ACTIVE_ARCH = YES;
				SDKROOT = iphoneos;
				SWIFT_ACTIVE_COMPILATION_CONDITIONS = DEBUG;
				SWIFT_OPTIMIZATION_LEVEL = "-Onone";
				TARGETED_DEVICE_FAMILY = "1,2";
			};
			name = Debug;
		};
		06A208931D85B9C200E51C13 /* Release */ = {
			isa = XCBuildConfiguration;
			buildSettings = {
				ALWAYS_SEARCH_USER_PATHS = NO;
				CLANG_ANALYZER_NONNULL = YES;
				CLANG_CXX_LANGUAGE_STANDARD = "gnu++0x";
				CLANG_CXX_LIBRARY = "libc++";
				CLANG_ENABLE_MODULES = YES;
				CLANG_ENABLE_OBJC_ARC = YES;
				CLANG_WARN_BOOL_CONVERSION = YES;
				CLANG_WARN_CONSTANT_CONVERSION = YES;
				CLANG_WARN_DIRECT_OBJC_ISA_USAGE = YES_ERROR;
				CLANG_WARN_DOCUMENTATION_COMMENTS = YES;
				CLANG_WARN_EMPTY_BODY = YES;
				CLANG_WARN_ENUM_CONVERSION = YES;
				CLANG_WARN_INFINITE_RECURSION = YES;
				CLANG_WARN_INT_CONVERSION = YES;
				CLANG_WARN_OBJC_ROOT_CLASS = YES_ERROR;
				CLANG_WARN_SUSPICIOUS_MOVES = YES;
				CLANG_WARN_UNREACHABLE_CODE = YES;
				CLANG_WARN__DUPLICATE_METHOD_MATCH = YES;
				"CODE_SIGN_IDENTITY[sdk=iphoneos*]" = "iPhone Developer";
				COPY_PHASE_STRIP = NO;
				DEBUG_INFORMATION_FORMAT = "dwarf-with-dsym";
				ENABLE_NS_ASSERTIONS = NO;
				ENABLE_STRICT_OBJC_MSGSEND = YES;
				GCC_C_LANGUAGE_STANDARD = gnu99;
				GCC_NO_COMMON_BLOCKS = YES;
				GCC_WARN_64_TO_32_BIT_CONVERSION = YES;
				GCC_WARN_ABOUT_RETURN_TYPE = YES_ERROR;
				GCC_WARN_UNDECLARED_SELECTOR = YES;
				GCC_WARN_UNINITIALIZED_AUTOS = YES_AGGRESSIVE;
				GCC_WARN_UNUSED_FUNCTION = YES;
				GCC_WARN_UNUSED_VARIABLE = YES;
				IPHONEOS_DEPLOYMENT_TARGET = 10.0;
				MTL_ENABLE_DEBUG_INFO = NO;
				SDKROOT = iphoneos;
				SWIFT_OPTIMIZATION_LEVEL = "-Owholemodule";
				TARGETED_DEVICE_FAMILY = "1,2";
				VALIDATE_PRODUCT = YES;
			};
			name = Release;
		};
		06A208951D85B9C200E51C13 /* Debug */ = {
			isa = XCBuildConfiguration;
			baseConfigurationReference = 96BCB9438D07638552D13F50 /* Pods-FileExplorerExampleApp.debug.xcconfig */;
			buildSettings = {
				ASSETCATALOG_COMPILER_APPICON_NAME = AppIcon;
				INFOPLIST_FILE = FileExplorerExampleApp/Info.plist;
				LD_RUNPATH_SEARCH_PATHS = "$(inherited) @executable_path/Frameworks";
				PRODUCT_BUNDLE_IDENTIFIER = com.augustyniak.FileExplorerExampleApp;
				PRODUCT_NAME = "$(TARGET_NAME)";
				SWIFT_VERSION = 3.0;
			};
			name = Debug;
		};
		06A208961D85B9C200E51C13 /* Release */ = {
			isa = XCBuildConfiguration;
			baseConfigurationReference = 77839C1FF7229F28C3A0C502 /* Pods-FileExplorerExampleApp.release.xcconfig */;
			buildSettings = {
				ASSETCATALOG_COMPILER_APPICON_NAME = AppIcon;
				INFOPLIST_FILE = FileExplorerExampleApp/Info.plist;
				LD_RUNPATH_SEARCH_PATHS = "$(inherited) @executable_path/Frameworks";
				PRODUCT_BUNDLE_IDENTIFIER = com.augustyniak.FileExplorerExampleApp;
				PRODUCT_NAME = "$(TARGET_NAME)";
				SWIFT_VERSION = 3.0;
			};
			name = Release;
		};
/* End XCBuildConfiguration section */

/* Begin XCConfigurationList section */
		06A2087D1D85B9C200E51C13 /* Build configuration list for PBXProject "FileExplorerExampleApp" */ = {
			isa = XCConfigurationList;
			buildConfigurations = (
				06A208921D85B9C200E51C13 /* Debug */,
				06A208931D85B9C200E51C13 /* Release */,
			);
			defaultConfigurationIsVisible = 0;
			defaultConfigurationName = Release;
		};
		06A208941D85B9C200E51C13 /* Build configuration list for PBXNativeTarget "FileExplorerExampleApp" */ = {
			isa = XCConfigurationList;
			buildConfigurations = (
				06A208951D85B9C200E51C13 /* Debug */,
				06A208961D85B9C200E51C13 /* Release */,
			);
			defaultConfigurationIsVisible = 0;
			defaultConfigurationName = Release;
		};
/* End XCConfigurationList section */
	};
	rootObject = 06A2087A1D85B9C200E51C13 /* Project object */;
}
