PODS:
  - FileExplorer (1.0.0)

DEPENDENCIES:
  - FileExplorer (from `./../FileExplorer.podspec.json`)

EXTERNAL SOURCES:
  FileExplorer:
    :path: ./../FileExplorer.podspec.json

SPEC CHECKSUMS:
  FileExplorer: 5214d41ace85bf877cbbd767c2642fd051fc9cae

PODFILE CHECKSUM: f09ca52ba3e673398c656e083a29129ede27a7d7

COCOAPODS: 1.1.0.rc.2
